
Microsoft Visual Studio Solution File, Format Version 12.00
# Visual Studio Version 16
VisualStudioVersion = 16.0.32228.343
MinimumVisualStudioVersion = 10.0.40219.1
Project("{FAE04EC0-301F-11D3-BF4B-00C04F79EFBC}") = "apiLibreria", "apiLibreria\apiLibreria.csproj", "{CC9530B9-AC14-49A5-9E91-39749619A846}"
EndProject
Project("{FAE04EC0-301F-11D3-BF4B-00C04F79EFBC}") = "ViewModel", "ViewModel\ViewModel.csproj", "{4D19CA40-4413-4E07-84B8-07377043E091}"
EndProject
Global
	GlobalSection(SolutionConfigurationPlatforms) = preSolution
		Debug|Any CPU = Debug|Any CPU
		Release|Any CPU = Release|Any CPU
	EndGlobalSection
	GlobalSection(ProjectConfigurationPlatforms) = postSolution
		{CC9530B9-AC14-49A5-9E91-39749619A846}.Debug|Any CPU.ActiveCfg = Debug|Any CPU
		{CC9530B9-AC14-49A5-9E91-39749619A846}.Debug|Any CPU.Build.0 = Debug|Any CPU
		{CC9530B9-AC14-49A5-9E91-39749619A846}.Release|Any CPU.ActiveCfg = Release|Any CPU
		{CC9530B9-AC14-49A5-9E91-39749619A846}.Release|Any CPU.Build.0 = Release|Any CPU
		{4D19CA40-4413-4E07-84B8-07377043E091}.Debug|Any CPU.ActiveCfg = Debug|Any CPU
		{4D19CA40-4413-4E07-84B8-07377043E091}.Debug|Any CPU.Build.0 = Debug|Any CPU
		{4D19CA40-4413-4E07-84B8-07377043E091}.Release|Any CPU.ActiveCfg = Release|Any CPU
		{4D19CA40-4413-4E07-84B8-07377043E091}.Release|Any CPU.Build.0 = Release|Any CPU
	EndGlobalSection
	GlobalSection(SolutionProperties) = preSolution
		HideSolutionNode = FALSE
	EndGlobalSection
	GlobalSection(ExtensibilityGlobals) = postSolution
		SolutionGuid = {42C22CCA-C31C-4F47-8E36-A8973F3CCCAF}
	EndGlobalSection
EndGlobal
